
Microsoft Visual Studio Solution File, Format Version 12.00
# Visual Studio Version 17
VisualStudioVersion = 17.7.34221.43
MinimumVisualStudioVersion = 10.0.40219.1
Project("{FAE04EC0-301F-11D3-BF4B-00C04F79EFBC}") = "TotalCommander", "TotalCommander\TotalCommander.csproj", "{DEA213E4-473E-49C2-99C4-21208D00014C}"
EndProject
Global
	GlobalSection(SolutionConfigurationPlatforms) = preSolution
		Debug|Any CPU = Debug|Any CPU
		Release|Any CPU = Release|Any CPU
	EndGlobalSection
	GlobalSection(ProjectConfigurationPlatforms) = postSolution
		{DEA213E4-473E-49C2-99C4-21208D00014C}.Debug|Any CPU.ActiveCfg = Debug|Any CPU
		{DEA213E4-473E-49C2-99C4-21208D00014C}.Debug|Any CPU.Build.0 = Debug|Any CPU
		{DEA213E4-473E-49C2-99C4-21208D00014C}.Release|Any CPU.ActiveCfg = Release|Any CPU
		{DEA213E4-473E-49C2-99C4-21208D00014C}.Release|Any CPU.Build.0 = Release|Any CPU
	EndGlobalSection
	GlobalSection(SolutionProperties) = preSolution
		HideSolutionNode = FALSE
	EndGlobalSection
	GlobalSection(ExtensibilityGlobals) = postSolution
		SolutionGuid = {38573142-7E25-4C41-B19B-E3C40D244342}
	EndGlobalSection
EndGlobal
